
Microsoft Visual Studio Solution File, Format Version 12.00
# Visual Studio 15
VisualStudioVersion = 15.0.26124.0
MinimumVisualStudioVersion = 15.0.26124.0
Project("{FAE04EC0-301F-11D3-BF4B-00C04F79EFBC}") = "Pitako.Api", "Pitako.Api\Pitako.Api.csproj", "{F2073917-FFA1-4C5B-8D77-04A8A6F2E306}"
EndProject
Project("{FAE04EC0-301F-11D3-BF4B-00C04F79EFBC}") = "Pitako.Domain", "Pitako.Domain\Pitako.Domain.csproj", "{553B131D-A952-41AD-AC07-3B8C3839A423}"
EndProject
Project("{FAE04EC0-301F-11D3-BF4B-00C04F79EFBC}") = "Pitako.Infra", "Pitako.Infra\Pitako.Infra.csproj", "{84283060-CC86-4D52-8F17-A3DC564A8C57}"
EndProject
Project("{FAE04EC0-301F-11D3-BF4B-00C04F79EFBC}") = "Pitako.Tests", "Pitako.Tests\Pitako.Tests.csproj", "{900E98FE-1DD4-4486-A2EE-BC90D68FB76F}"
EndProject
Global
	GlobalSection(SolutionConfigurationPlatforms) = preSolution
		Debug|Any CPU = Debug|Any CPU
		Debug|x64 = Debug|x64
		Debug|x86 = Debug|x86
		Release|Any CPU = Release|Any CPU
		Release|x64 = Release|x64
		Release|x86 = Release|x86
	EndGlobalSection
	GlobalSection(SolutionProperties) = preSolution
		HideSolutionNode = FALSE
	EndGlobalSection
	GlobalSection(ProjectConfigurationPlatforms) = postSolution
		{F2073917-FFA1-4C5B-8D77-04A8A6F2E306}.Debug|Any CPU.ActiveCfg = Debug|Any CPU
		{F2073917-FFA1-4C5B-8D77-04A8A6F2E306}.Debug|Any CPU.Build.0 = Debug|Any CPU
		{F2073917-FFA1-4C5B-8D77-04A8A6F2E306}.Debug|x64.ActiveCfg = Debug|Any CPU
		{F2073917-FFA1-4C5B-8D77-04A8A6F2E306}.Debug|x64.Build.0 = Debug|Any CPU
		{F2073917-FFA1-4C5B-8D77-04A8A6F2E306}.Debug|x86.ActiveCfg = Debug|Any CPU
		{F2073917-FFA1-4C5B-8D77-04A8A6F2E306}.Debug|x86.Build.0 = Debug|Any CPU
		{F2073917-FFA1-4C5B-8D77-04A8A6F2E306}.Release|Any CPU.ActiveCfg = Release|Any CPU
		{F2073917-FFA1-4C5B-8D77-04A8A6F2E306}.Release|Any CPU.Build.0 = Release|Any CPU
		{F2073917-FFA1-4C5B-8D77-04A8A6F2E306}.Release|x64.ActiveCfg = Release|Any CPU
		{F2073917-FFA1-4C5B-8D77-04A8A6F2E306}.Release|x64.Build.0 = Release|Any CPU
		{F2073917-FFA1-4C5B-8D77-04A8A6F2E306}.Release|x86.ActiveCfg = Release|Any CPU
		{F2073917-FFA1-4C5B-8D77-04A8A6F2E306}.Release|x86.Build.0 = Release|Any CPU
		{553B131D-A952-41AD-AC07-3B8C3839A423}.Debug|Any CPU.ActiveCfg = Debug|Any CPU
		{553B131D-A952-41AD-AC07-3B8C3839A423}.Debug|Any CPU.Build.0 = Debug|Any CPU
		{553B131D-A952-41AD-AC07-3B8C3839A423}.Debug|x64.ActiveCfg = Debug|Any CPU
		{553B131D-A952-41AD-AC07-3B8C3839A423}.Debug|x64.Build.0 = Debug|Any CPU
		{553B131D-A952-41AD-AC07-3B8C3839A423}.Debug|x86.ActiveCfg = Debug|Any CPU
		{553B131D-A952-41AD-AC07-3B8C3839A423}.Debug|x86.Build.0 = Debug|Any CPU
		{553B131D-A952-41AD-AC07-3B8C3839A423}.Release|Any CPU.ActiveCfg = Release|Any CPU
		{553B131D-A952-41AD-AC07-3B8C3839A423}.Release|Any CPU.Build.0 = Release|Any CPU
		{553B131D-A952-41AD-AC07-3B8C3839A423}.Release|x64.ActiveCfg = Release|Any CPU
		{553B131D-A952-41AD-AC07-3B8C3839A423}.Release|x64.Build.0 = Release|Any CPU
		{553B131D-A952-41AD-AC07-3B8C3839A423}.Release|x86.ActiveCfg = Release|Any CPU
		{553B131D-A952-41AD-AC07-3B8C3839A423}.Release|x86.Build.0 = Release|Any CPU
		{84283060-CC86-4D52-8F17-A3DC564A8C57}.Debug|Any CPU.ActiveCfg = Debug|Any CPU
		{84283060-CC86-4D52-8F17-A3DC564A8C57}.Debug|Any CPU.Build.0 = Debug|Any CPU
		{84283060-CC86-4D52-8F17-A3DC564A8C57}.Debug|x64.ActiveCfg = Debug|Any CPU
		{84283060-CC86-4D52-8F17-A3DC564A8C57}.Debug|x64.Build.0 = Debug|Any CPU
		{84283060-CC86-4D52-8F17-A3DC564A8C57}.Debug|x86.ActiveCfg = Debug|Any CPU
		{84283060-CC86-4D52-8F17-A3DC564A8C57}.Debug|x86.Build.0 = Debug|Any CPU
		{84283060-CC86-4D52-8F17-A3DC564A8C57}.Release|Any CPU.ActiveCfg = Release|Any CPU
		{84283060-CC86-4D52-8F17-A3DC564A8C57}.Release|Any CPU.Build.0 = Release|Any CPU
		{84283060-CC86-4D52-8F17-A3DC564A8C57}.Release|x64.ActiveCfg = Release|Any CPU
		{84283060-CC86-4D52-8F17-A3DC564A8C57}.Release|x64.Build.0 = Release|Any CPU
		{84283060-CC86-4D52-8F17-A3DC564A8C57}.Release|x86.ActiveCfg = Release|Any CPU
		{84283060-CC86-4D52-8F17-A3DC564A8C57}.Release|x86.Build.0 = Release|Any CPU
		{900E98FE-1DD4-4486-A2EE-BC90D68FB76F}.Debug|Any CPU.ActiveCfg = Debug|Any CPU
		{900E98FE-1DD4-4486-A2EE-BC90D68FB76F}.Debug|Any CPU.Build.0 = Debug|Any CPU
		{900E98FE-1DD4-4486-A2EE-BC90D68FB76F}.Debug|x64.ActiveCfg = Debug|Any CPU
		{900E98FE-1DD4-4486-A2EE-BC90D68FB76F}.Debug|x64.Build.0 = Debug|Any CPU
		{900E98FE-1DD4-4486-A2EE-BC90D68FB76F}.Debug|x86.ActiveCfg = Debug|Any CPU
		{900E98FE-1DD4-4486-A2EE-BC90D68FB76F}.Debug|x86.Build.0 = Debug|Any CPU
		{900E98FE-1DD4-4486-A2EE-BC90D68FB76F}.Release|Any CPU.ActiveCfg = Release|Any CPU
		{900E98FE-1DD4-4486-A2EE-BC90D68FB76F}.Release|Any CPU.Build.0 = Release|Any CPU
		{900E98FE-1DD4-4486-A2EE-BC90D68FB76F}.Release|x64.ActiveCfg = Release|Any CPU
		{900E98FE-1DD4-4486-A2EE-BC90D68FB76F}.Release|x64.Build.0 = Release|Any CPU
		{900E98FE-1DD4-4486-A2EE-BC90D68FB76F}.Release|x86.ActiveCfg = Release|Any CPU
		{900E98FE-1DD4-4486-A2EE-BC90D68FB76F}.Release|x86.Build.0 = Release|Any CPU
	EndGlobalSection
EndGlobal
